
Microsoft Visual Studio Solution File, Format Version 12.00
# Visual Studio Version 17
VisualStudioVersion = 17.8.34330.188
MinimumVisualStudioVersion = 10.0.40219.1
Project("{FAE04EC0-301F-11D3-BF4B-00C04F79EFBC}") = "SysProg3", "SysProg3\SysProg3.csproj", "{CB12E88F-2F8A-47B4-B2C6-FCBC813DB9B9}"
EndProject
Global
	GlobalSection(SolutionConfigurationPlatforms) = preSolution
		Debug|Any CPU = Debug|Any CPU
		Release|Any CPU = Release|Any CPU
	EndGlobalSection
	GlobalSection(ProjectConfigurationPlatforms) = postSolution
		{CB12E88F-2F8A-47B4-B2C6-FCBC813DB9B9}.Debug|Any CPU.ActiveCfg = Debug|Any CPU
		{CB12E88F-2F8A-47B4-B2C6-FCBC813DB9B9}.Debug|Any CPU.Build.0 = Debug|Any CPU
		{CB12E88F-2F8A-47B4-B2C6-FCBC813DB9B9}.Release|Any CPU.ActiveCfg = Release|Any CPU
		{CB12E88F-2F8A-47B4-B2C6-FCBC813DB9B9}.Release|Any CPU.Build.0 = Release|Any CPU
	EndGlobalSection
	GlobalSection(SolutionProperties) = preSolution
		HideSolutionNode = FALSE
	EndGlobalSection
	GlobalSection(ExtensibilityGlobals) = postSolution
		SolutionGuid = {1C9C4976-F7A4-4BDF-9149-02FA2EA8C6CD}
	EndGlobalSection
EndGlobal
